
Microsoft Visual Studio Solution File, Format Version 12.00
# Visual Studio 2012
Project("{FAE04EC0-301F-11D3-BF4B-00C04F79EFBC}") = "App.Data", "App.Data\App.Data.csproj", "{D918697B-C6EF-4D47-AF87-E2CE90BE00FD}"
EndProject
Project("{FAE04EC0-301F-11D3-BF4B-00C04F79EFBC}") = "App.Data.Contracts", "App.Data.Contracts\App.Data.Contracts.csproj", "{32808B47-F662-4AC6-B9C5-FBD822BA6037}"
EndProject
Project("{FAE04EC0-301F-11D3-BF4B-00C04F79EFBC}") = "App.Model", "App.Model\App.Model.csproj", "{AB57D696-55D5-48D4-AE3A-A6FA7CA64E73}"
EndProject
Project("{FAE04EC0-301F-11D3-BF4B-00C04F79EFBC}") = "App.Web", "App.Web\App.Web.csproj", "{0BA3848B-98F5-46B7-BB92-E4F4B5EC9A42}"
EndProject
Global
	GlobalSection(SolutionConfigurationPlatforms) = preSolution
		Debug|Any CPU = Debug|Any CPU
		Release|Any CPU = Release|Any CPU
	EndGlobalSection
	GlobalSection(ProjectConfigurationPlatforms) = postSolution
		{D918697B-C6EF-4D47-AF87-E2CE90BE00FD}.Debug|Any CPU.ActiveCfg = Debug|Any CPU
		{D918697B-C6EF-4D47-AF87-E2CE90BE00FD}.Debug|Any CPU.Build.0 = Debug|Any CPU
		{D918697B-C6EF-4D47-AF87-E2CE90BE00FD}.Release|Any CPU.ActiveCfg = Release|Any CPU
		{D918697B-C6EF-4D47-AF87-E2CE90BE00FD}.Release|Any CPU.Build.0 = Release|Any CPU
		{32808B47-F662-4AC6-B9C5-FBD822BA6037}.Debug|Any CPU.ActiveCfg = Debug|Any CPU
		{32808B47-F662-4AC6-B9C5-FBD822BA6037}.Debug|Any CPU.Build.0 = Debug|Any CPU
		{32808B47-F662-4AC6-B9C5-FBD822BA6037}.Release|Any CPU.ActiveCfg = Release|Any CPU
		{32808B47-F662-4AC6-B9C5-FBD822BA6037}.Release|Any CPU.Build.0 = Release|Any CPU
		{AB57D696-55D5-48D4-AE3A-A6FA7CA64E73}.Debug|Any CPU.ActiveCfg = Debug|Any CPU
		{AB57D696-55D5-48D4-AE3A-A6FA7CA64E73}.Debug|Any CPU.Build.0 = Debug|Any CPU
		{AB57D696-55D5-48D4-AE3A-A6FA7CA64E73}.Release|Any CPU.ActiveCfg = Release|Any CPU
		{AB57D696-55D5-48D4-AE3A-A6FA7CA64E73}.Release|Any CPU.Build.0 = Release|Any CPU
		{0BA3848B-98F5-46B7-BB92-E4F4B5EC9A42}.Debug|Any CPU.ActiveCfg = Debug|Any CPU
		{0BA3848B-98F5-46B7-BB92-E4F4B5EC9A42}.Debug|Any CPU.Build.0 = Debug|Any CPU
		{0BA3848B-98F5-46B7-BB92-E4F4B5EC9A42}.Release|Any CPU.ActiveCfg = Release|Any CPU
		{0BA3848B-98F5-46B7-BB92-E4F4B5EC9A42}.Release|Any CPU.Build.0 = Release|Any CPU
	EndGlobalSection
	GlobalSection(SolutionProperties) = preSolution
		HideSolutionNode = FALSE
	EndGlobalSection
EndGlobal
